
Microsoft Visual Studio Solution File, Format Version 12.00
# Visual Studio 14
VisualStudioVersion = 14.0.24720.0
MinimumVisualStudioVersion = 10.0.40219.1
Project("{FAE04EC0-301F-11D3-BF4B-00C04F79EFBC}") = "LibraryClient", "LibraryClient\LibraryClient.csproj", "{C38742F0-B2FF-4BE0-9A28-59BCF1F4A888}"
EndProject
Project("{FAE04EC0-301F-11D3-BF4B-00C04F79EFBC}") = "LibraryDAL", "LibraryDAL\LibraryDAL.csproj", "{D4814505-BB8A-4F05-A434-FD1D476486C2}"
EndProject
Global
	GlobalSection(SolutionConfigurationPlatforms) = preSolution
		Debug|Any CPU = Debug|Any CPU
		Release|Any CPU = Release|Any CPU
	EndGlobalSection
	GlobalSection(ProjectConfigurationPlatforms) = postSolution
		{C38742F0-B2FF-4BE0-9A28-59BCF1F4A888}.Debug|Any CPU.ActiveCfg = Debug|Any CPU
		{C38742F0-B2FF-4BE0-9A28-59BCF1F4A888}.Debug|Any CPU.Build.0 = Debug|Any CPU
		{C38742F0-B2FF-4BE0-9A28-59BCF1F4A888}.Release|Any CPU.ActiveCfg = Release|Any CPU
		{C38742F0-B2FF-4BE0-9A28-59BCF1F4A888}.Release|Any CPU.Build.0 = Release|Any CPU
		{D4814505-BB8A-4F05-A434-FD1D476486C2}.Debug|Any CPU.ActiveCfg = Debug|Any CPU
		{D4814505-BB8A-4F05-A434-FD1D476486C2}.Debug|Any CPU.Build.0 = Debug|Any CPU
		{D4814505-BB8A-4F05-A434-FD1D476486C2}.Release|Any CPU.ActiveCfg = Release|Any CPU
		{D4814505-BB8A-4F05-A434-FD1D476486C2}.Release|Any CPU.Build.0 = Release|Any CPU
	EndGlobalSection
	GlobalSection(SolutionProperties) = preSolution
		HideSolutionNode = FALSE
	EndGlobalSection
EndGlobal
